{
  "version": 4,
  "terraform_version": "1.3.9",
  "serial": 3,
  "lineage": "86c4ea1c-b80e-e090-4c9a-a79ab534cc1b",
  "outputs": {
    "IPAddress": {
      "value": "192.168.56.101",
      "type": "string"
    }
  },
  "resources": [
    {
      "mode": "managed",
      "type": "virtualbox_vm",
      "name": "vm3",
      "provider": "provider[\"registry.terraform.io/shekeriev/virtualbox\"]",
      "instances": [
        {
          "schema_version": 0,
          "attributes": {
            "boot_order": null,
            "checksum": null,
            "checksum_type": null,
            "cpus": 1,
            "id": "5ff5ff5d-03f2-4d2f-8070-dd90d29fd25e",
            "image": "https://app.vagrantup.com/shekeriev/boxes/debian-11/versions/0.2/providers/virtualbox.box",
            "memory": "512 mib",
            "name": "debian-11",
            "network_adapter": [
              {
                "device": "IntelPro1000MTDesktop",
                "host_interface": "vboxnet0",
                "ipv4_address": "192.168.56.101",
                "ipv4_address_available": "yes",
                "mac_address": "080027850FFE",
                "status": "up",
                "type": "hostonly"
              }
            ],
            "optical_disks": null,
            "status": "running",
            "url": null,
            "user_data": null
          },
          "sensitive_attributes": [],
          "private": "bnVsbA=="
        }
      ]
    }
  ],
  "check_results": null
}
