{
  "version": 4,
  "terraform_version": "1.3.9",
  "serial": 15,
  "lineage": "14924afd-5887-334d-9158-e34e7987cf1a",
  "outputs": {},
  "resources": [
    {
      "mode": "managed",
      "type": "yandex_vpc_network",
      "name": "default",
      "provider": "provider[\"registry.terraform.io/yandex-cloud/yandex\"]",
      "instances": [
        {
          "schema_version": 0,
          "attributes": {
            "created_at": "2023-02-21T13:03:40Z",
            "default_security_group_id": "",
            "description": "",
            "folder_id": "b1g2dj02nhisso9oaoqn",
            "id": "enpurnkmth9dilq7ud4b",
            "labels": {},
            "name": "net",
            "subnet_ids": [
              "e9btlb8d287llihfdiob"
            ],
            "timeouts": null
          },
          "sensitive_attributes": [],
          "private": "eyJlMmJmYjczMC1lY2FhLTExZTYtOGY4OC0zNDM2M2JjN2M0YzAiOnsiY3JlYXRlIjo2MDAwMDAwMDAwMCwiZGVsZXRlIjo2MDAwMDAwMDAwMCwidXBkYXRlIjo2MDAwMDAwMDAwMH19"
        }
      ]
    },
    {
      "mode": "managed",
      "type": "yandex_vpc_subnet",
      "name": "default",
      "provider": "provider[\"registry.terraform.io/yandex-cloud/yandex\"]",
      "instances": [
        {
          "schema_version": 0,
          "attributes": {
            "created_at": "2023-02-21T13:03:41Z",
            "description": "",
            "dhcp_options": [],
            "folder_id": "b1g2dj02nhisso9oaoqn",
            "id": "e9btlb8d287llihfdiob",
            "labels": {},
            "name": "subnet",
            "network_id": "enpurnkmth9dilq7ud4b",
            "route_table_id": "",
            "timeouts": null,
            "v4_cidr_blocks": [
              "192.168.101.0/24"
            ],
            "v6_cidr_blocks": [],
            "zone": "ru-central1-a"
          },
          "sensitive_attributes": [],
          "private": "eyJlMmJmYjczMC1lY2FhLTExZTYtOGY4OC0zNDM2M2JjN2M0YzAiOnsiY3JlYXRlIjoxODAwMDAwMDAwMDAsImRlbGV0ZSI6MTgwMDAwMDAwMDAwLCJ1cGRhdGUiOjE4MDAwMDAwMDAwMH19",
          "dependencies": [
            "yandex_vpc_network.default"
          ]
        }
      ]
    }
  ],
  "check_results": null
}
