{
  "version": 4,
  "terraform_version": "1.3.9",
  "serial": 31,
  "lineage": "dbae190c-0872-1326-431f-b0cef01fbda9",
  "outputs": {
    "external_ip_address_node01": {
      "value": "51.250.89.209",
      "type": "string"
    },
    "external_ip_address_node02": {
      "value": "158.160.52.95",
      "type": "string"
    },
    "external_ip_address_node03": {
      "value": "158.160.37.135",
      "type": "string"
    },
    "external_ip_address_node04": {
      "value": "158.160.62.27",
      "type": "string"
    },
    "external_ip_address_node05": {
      "value": "158.160.61.145",
      "type": "string"
    },
    "external_ip_address_node06": {
      "value": "158.160.37.219",
      "type": "string"
    },
    "internal_ip_address_node01": {
      "value": "192.168.101.11",
      "type": "string"
    },
    "internal_ip_address_node02": {
      "value": "192.168.101.12",
      "type": "string"
    },
    "internal_ip_address_node03": {
      "value": "192.168.101.13",
      "type": "string"
    },
    "internal_ip_address_node04": {
      "value": "192.168.101.14",
      "type": "string"
    },
    "internal_ip_address_node05": {
      "value": "192.168.101.15",
      "type": "string"
    },
    "internal_ip_address_node06": {
      "value": "192.168.101.16",
      "type": "string"
    }
  },
  "resources": [
    {
      "mode": "managed",
      "type": "local_file",
      "name": "inventory",
      "provider": "provider[\"registry.terraform.io/hashicorp/local\"]",
      "instances": [
        {
          "schema_version": 0,
          "attributes": {
            "content": "# Ansible inventory containing variable values from Terraform.\n# Generated by Terraform.\n\n[nodes:children]\nmanagers\nworkers\n\n[managers:children]\nactive\nstandby\n\n[active]\nnode01.netology.yc ansible_host=51.250.89.209\n\n[standby]\nnode02.netology.yc ansible_host=158.160.52.95\nnode03.netology.yc ansible_host=158.160.37.135\n\n[workers]\nnode04.netology.yc ansible_host=158.160.62.27\nnode05.netology.yc ansible_host=158.160.61.145\nnode06.netology.yc ansible_host=158.160.37.219\n",
            "content_base64": null,
            "directory_permission": "0777",
            "file_permission": "0777",
            "filename": "../ansible/inventory",
            "id": "d67b39be6fd7982887eb6716c72893d2626c449f",
            "sensitive_content": null,
            "source": null
          },
          "sensitive_attributes": [],
          "dependencies": [
            "yandex_compute_instance.node01",
            "yandex_compute_instance.node02",
            "yandex_compute_instance.node03",
            "yandex_compute_instance.node04",
            "yandex_compute_instance.node05",
            "yandex_compute_instance.node06",
            "yandex_vpc_subnet.default"
          ]
        }
      ]
    },
    {
      "mode": "managed",
      "type": "null_resource",
      "name": "cluster",
      "provider": "provider[\"registry.terraform.io/hashicorp/null\"]",
      "instances": [
        {
          "schema_version": 0,
          "attributes": {
            "id": "7098156256976623261",
            "triggers": null
          },
          "sensitive_attributes": [],
          "dependencies": [
            "null_resource.wait"
          ]
        }
      ]
    },
    {
      "mode": "managed",
      "type": "null_resource",
      "name": "monitoring",
      "provider": "provider[\"registry.terraform.io/hashicorp/null\"]",
      "instances": [
        {
          "schema_version": 0,
          "attributes": {
            "id": "2448644961397418163",
            "triggers": null
          },
          "sensitive_attributes": [],
          "dependencies": [
            "null_resource.cluster",
            "null_resource.sync",
            "null_resource.wait"
          ]
        }
      ]
    },
    {
      "mode": "managed",
      "type": "null_resource",
      "name": "sync",
      "provider": "provider[\"registry.terraform.io/hashicorp/null\"]",
      "instances": [
        {
          "schema_version": 0,
          "attributes": {
            "id": "8099929125470577325",
            "triggers": null
          },
          "sensitive_attributes": [],
          "dependencies": [
            "null_resource.cluster",
            "null_resource.wait"
          ]
        }
      ]
    },
    {
      "mode": "managed",
      "type": "null_resource",
      "name": "wait",
      "provider": "provider[\"registry.terraform.io/hashicorp/null\"]",
      "instances": [
        {
          "schema_version": 0,
          "attributes": {
            "id": "2319949901965445517",
            "triggers": null
          },
          "sensitive_attributes": [],
          "dependencies": [
            "local_file.inventory",
            "yandex_compute_instance.node01",
            "yandex_compute_instance.node02",
            "yandex_compute_instance.node03",
            "yandex_compute_instance.node04",
            "yandex_compute_instance.node05",
            "yandex_compute_instance.node06",
            "yandex_vpc_network.default",
            "yandex_vpc_subnet.default"
          ]
        }
      ]
    },
    {
      "mode": "managed",
      "type": "yandex_compute_instance",
      "name": "node01",
      "provider": "provider[\"registry.terraform.io/yandex-cloud/yandex\"]",
      "instances": [
        {
          "schema_version": 1,
          "attributes": {
            "allow_recreate": null,
            "allow_stopping_for_update": true,
            "boot_disk": [
              {
                "auto_delete": true,
                "device_name": "fhmt6r9jqsbke8kbd0iq",
                "disk_id": "fhmt6r9jqsbke8kbd0iq",
                "initialize_params": [
                  {
                    "block_size": 4096,
                    "description": "",
                    "image_id": "fd8s2aq8skr5t6vrujfo",
                    "name": "root-node01",
                    "size": 10,
                    "snapshot_id": "",
                    "type": "network-ssd"
                  }
                ],
                "mode": "READ_WRITE"
              }
            ],
            "created_at": "2023-02-27T13:12:32Z",
            "description": "",
            "filesystem": [],
            "folder_id": "b1g2dj02nhisso9oaoqn",
            "fqdn": "node01.netology.yc",
            "hostname": "node01.netology.yc",
            "id": "fhm1r8ion4en8ddf563c",
            "labels": null,
            "local_disk": [],
            "metadata": {
              "ssh-keys": "centos:ssh-rsa AAAAB3NzaC1yc2EAAAADAQABAAABgQDBASQWXU0dOS/LmfX9cq/LHcYy6THlwKKHQlIwvHDcOiDSWeepIvWjc+0Lhi3zzJwh+LX5glfDc8EJRLgAf4PmK6M2iH+qPJni26ZIQNnVfUP2brxU0MislMq7d0jiv2nTxPP8KwKxbMyrFobInvr+2Nv6kYobh0QnkgUklhwO1iuW7e+SdB1W608VW4XSfkkBsB6bjPgFP/6eTEX5xvDk6gkzQWszdRzzQg4AzES4poKGkOAQzXVHXps1hGLoMWV3dP+yOOVL113qFs6Gs+J0cHuM3YNcDUgStC+Bll7g8AHvpINIef2w9eQTlE5fn600+duE4nIe7Gkb1wjQ58o5p4nfIvUe5bJzJk5LAeL1LciyRruKJhjUNS0gUHEOe/4VcW/Lhyp/BdBcn5OYdzzJMz4Cb4w49OB6Bx+RdzzF7u9mHfdC/kRbloDf5Ty1hMjeypkQM6qfmh3PX8Vsx8EesRddJJOIxbMDE5hWK/3kXkvqeJA0Bcd5cxAZTYLu4dc= vagrant@srv05031\n"
            },
            "metadata_options": [
              {
                "aws_v1_http_endpoint": 1,
                "aws_v1_http_token": 2,
                "gce_http_endpoint": 1,
                "gce_http_token": 1
              }
            ],
            "name": "node01",
            "network_acceleration_type": "standard",
            "network_interface": [
              {
                "dns_record": [],
                "index": 0,
                "ip_address": "192.168.101.11",
                "ipv4": true,
                "ipv6": false,
                "ipv6_address": "",
                "ipv6_dns_record": [],
                "mac_address": "d0:0d:1d:a2:58:b9",
                "nat": true,
                "nat_dns_record": [],
                "nat_ip_address": "51.250.89.209",
                "nat_ip_version": "IPV4",
                "security_group_ids": [],
                "subnet_id": "e9bhvnhvcq2f2edfn74m"
              }
            ],
            "placement_policy": [
              {
                "host_affinity_rules": [],
                "placement_group_id": ""
              }
            ],
            "platform_id": "standard-v1",
            "resources": [
              {
                "core_fraction": 100,
                "cores": 4,
                "gpus": 0,
                "memory": 8
              }
            ],
            "scheduling_policy": [
              {
                "preemptible": false
              }
            ],
            "secondary_disk": [],
            "service_account_id": "",
            "status": "running",
            "timeouts": null,
            "zone": "ru-central1-a"
          },
          "sensitive_attributes": [],
          "private": "eyJlMmJmYjczMC1lY2FhLTExZTYtOGY4OC0zNDM2M2JjN2M0YzAiOnsiY3JlYXRlIjozMDAwMDAwMDAwMDAsImRlbGV0ZSI6MzAwMDAwMDAwMDAwLCJ1cGRhdGUiOjMwMDAwMDAwMDAwMH0sInNjaGVtYV92ZXJzaW9uIjoiMSJ9",
          "dependencies": [
            "yandex_vpc_subnet.default"
          ]
        }
      ]
    },
    {
      "mode": "managed",
      "type": "yandex_compute_instance",
      "name": "node02",
      "provider": "provider[\"registry.terraform.io/yandex-cloud/yandex\"]",
      "instances": [
        {
          "schema_version": 1,
          "attributes": {
            "allow_recreate": null,
            "allow_stopping_for_update": true,
            "boot_disk": [
              {
                "auto_delete": true,
                "device_name": "fhmbjf0dro5k63rtbjha",
                "disk_id": "fhmbjf0dro5k63rtbjha",
                "initialize_params": [
                  {
                    "block_size": 4096,
                    "description": "",
                    "image_id": "fd8s2aq8skr5t6vrujfo",
                    "name": "root-node02",
                    "size": 10,
                    "snapshot_id": "",
                    "type": "network-ssd"
                  }
                ],
                "mode": "READ_WRITE"
              }
            ],
            "created_at": "2023-02-27T13:12:25Z",
            "description": "",
            "filesystem": [],
            "folder_id": "b1g2dj02nhisso9oaoqn",
            "fqdn": "node02.netology.yc",
            "hostname": "node02.netology.yc",
            "id": "fhmirk2ka4fqgsslhle5",
            "labels": null,
            "local_disk": [],
            "metadata": {
              "ssh-keys": "centos:ssh-rsa AAAAB3NzaC1yc2EAAAADAQABAAABgQDBASQWXU0dOS/LmfX9cq/LHcYy6THlwKKHQlIwvHDcOiDSWeepIvWjc+0Lhi3zzJwh+LX5glfDc8EJRLgAf4PmK6M2iH+qPJni26ZIQNnVfUP2brxU0MislMq7d0jiv2nTxPP8KwKxbMyrFobInvr+2Nv6kYobh0QnkgUklhwO1iuW7e+SdB1W608VW4XSfkkBsB6bjPgFP/6eTEX5xvDk6gkzQWszdRzzQg4AzES4poKGkOAQzXVHXps1hGLoMWV3dP+yOOVL113qFs6Gs+J0cHuM3YNcDUgStC+Bll7g8AHvpINIef2w9eQTlE5fn600+duE4nIe7Gkb1wjQ58o5p4nfIvUe5bJzJk5LAeL1LciyRruKJhjUNS0gUHEOe/4VcW/Lhyp/BdBcn5OYdzzJMz4Cb4w49OB6Bx+RdzzF7u9mHfdC/kRbloDf5Ty1hMjeypkQM6qfmh3PX8Vsx8EesRddJJOIxbMDE5hWK/3kXkvqeJA0Bcd5cxAZTYLu4dc= vagrant@srv05031\n"
            },
            "metadata_options": [
              {
                "aws_v1_http_endpoint": 1,
                "aws_v1_http_token": 2,
                "gce_http_endpoint": 1,
                "gce_http_token": 1
              }
            ],
            "name": "node02",
            "network_acceleration_type": "standard",
            "network_interface": [
              {
                "dns_record": [],
                "index": 0,
                "ip_address": "192.168.101.12",
                "ipv4": true,
                "ipv6": false,
                "ipv6_address": "",
                "ipv6_dns_record": [],
                "mac_address": "d0:0d:12:dd:05:45",
                "nat": true,
                "nat_dns_record": [],
                "nat_ip_address": "158.160.52.95",
                "nat_ip_version": "IPV4",
                "security_group_ids": [],
                "subnet_id": "e9bhvnhvcq2f2edfn74m"
              }
            ],
            "placement_policy": [
              {
                "host_affinity_rules": [],
                "placement_group_id": ""
              }
            ],
            "platform_id": "standard-v1",
            "resources": [
              {
                "core_fraction": 100,
                "cores": 4,
                "gpus": 0,
                "memory": 8
              }
            ],
            "scheduling_policy": [
              {
                "preemptible": false
              }
            ],
            "secondary_disk": [],
            "service_account_id": "",
            "status": "running",
            "timeouts": null,
            "zone": "ru-central1-a"
          },
          "sensitive_attributes": [],
          "private": "eyJlMmJmYjczMC1lY2FhLTExZTYtOGY4OC0zNDM2M2JjN2M0YzAiOnsiY3JlYXRlIjozMDAwMDAwMDAwMDAsImRlbGV0ZSI6MzAwMDAwMDAwMDAwLCJ1cGRhdGUiOjMwMDAwMDAwMDAwMH0sInNjaGVtYV92ZXJzaW9uIjoiMSJ9",
          "dependencies": [
            "yandex_vpc_subnet.default"
          ]
        }
      ]
    },
    {
      "mode": "managed",
      "type": "yandex_compute_instance",
      "name": "node03",
      "provider": "provider[\"registry.terraform.io/yandex-cloud/yandex\"]",
      "instances": [
        {
          "schema_version": 1,
          "attributes": {
            "allow_recreate": null,
            "allow_stopping_for_update": true,
            "boot_disk": [
              {
                "auto_delete": true,
                "device_name": "fhm5b8m2mf02c31gqhdn",
                "disk_id": "fhm5b8m2mf02c31gqhdn",
                "initialize_params": [
                  {
                    "block_size": 4096,
                    "description": "",
                    "image_id": "fd8s2aq8skr5t6vrujfo",
                    "name": "root-node03",
                    "size": 10,
                    "snapshot_id": "",
                    "type": "network-ssd"
                  }
                ],
                "mode": "READ_WRITE"
              }
            ],
            "created_at": "2023-02-27T13:12:27Z",
            "description": "",
            "filesystem": [],
            "folder_id": "b1g2dj02nhisso9oaoqn",
            "fqdn": "node03.netology.yc",
            "hostname": "node03.netology.yc",
            "id": "fhmmc89rjhop53i9997l",
            "labels": null,
            "local_disk": [],
            "metadata": {
              "ssh-keys": "centos:ssh-rsa AAAAB3NzaC1yc2EAAAADAQABAAABgQDBASQWXU0dOS/LmfX9cq/LHcYy6THlwKKHQlIwvHDcOiDSWeepIvWjc+0Lhi3zzJwh+LX5glfDc8EJRLgAf4PmK6M2iH+qPJni26ZIQNnVfUP2brxU0MislMq7d0jiv2nTxPP8KwKxbMyrFobInvr+2Nv6kYobh0QnkgUklhwO1iuW7e+SdB1W608VW4XSfkkBsB6bjPgFP/6eTEX5xvDk6gkzQWszdRzzQg4AzES4poKGkOAQzXVHXps1hGLoMWV3dP+yOOVL113qFs6Gs+J0cHuM3YNcDUgStC+Bll7g8AHvpINIef2w9eQTlE5fn600+duE4nIe7Gkb1wjQ58o5p4nfIvUe5bJzJk5LAeL1LciyRruKJhjUNS0gUHEOe/4VcW/Lhyp/BdBcn5OYdzzJMz4Cb4w49OB6Bx+RdzzF7u9mHfdC/kRbloDf5Ty1hMjeypkQM6qfmh3PX8Vsx8EesRddJJOIxbMDE5hWK/3kXkvqeJA0Bcd5cxAZTYLu4dc= vagrant@srv05031\n"
            },
            "metadata_options": [
              {
                "aws_v1_http_endpoint": 1,
                "aws_v1_http_token": 2,
                "gce_http_endpoint": 1,
                "gce_http_token": 1
              }
            ],
            "name": "node03",
            "network_acceleration_type": "standard",
            "network_interface": [
              {
                "dns_record": [],
                "index": 0,
                "ip_address": "192.168.101.13",
                "ipv4": true,
                "ipv6": false,
                "ipv6_address": "",
                "ipv6_dns_record": [],
                "mac_address": "d0:0d:16:62:13:b9",
                "nat": true,
                "nat_dns_record": [],
                "nat_ip_address": "158.160.37.135",
                "nat_ip_version": "IPV4",
                "security_group_ids": [],
                "subnet_id": "e9bhvnhvcq2f2edfn74m"
              }
            ],
            "placement_policy": [
              {
                "host_affinity_rules": [],
                "placement_group_id": ""
              }
            ],
            "platform_id": "standard-v1",
            "resources": [
              {
                "core_fraction": 100,
                "cores": 4,
                "gpus": 0,
                "memory": 8
              }
            ],
            "scheduling_policy": [
              {
                "preemptible": false
              }
            ],
            "secondary_disk": [],
            "service_account_id": "",
            "status": "running",
            "timeouts": null,
            "zone": "ru-central1-a"
          },
          "sensitive_attributes": [],
          "private": "eyJlMmJmYjczMC1lY2FhLTExZTYtOGY4OC0zNDM2M2JjN2M0YzAiOnsiY3JlYXRlIjozMDAwMDAwMDAwMDAsImRlbGV0ZSI6MzAwMDAwMDAwMDAwLCJ1cGRhdGUiOjMwMDAwMDAwMDAwMH0sInNjaGVtYV92ZXJzaW9uIjoiMSJ9",
          "dependencies": [
            "yandex_vpc_subnet.default"
          ]
        }
      ]
    },
    {
      "mode": "managed",
      "type": "yandex_compute_instance",
      "name": "node04",
      "provider": "provider[\"registry.terraform.io/yandex-cloud/yandex\"]",
      "instances": [
        {
          "schema_version": 1,
          "attributes": {
            "allow_recreate": null,
            "allow_stopping_for_update": true,
            "boot_disk": [
              {
                "auto_delete": true,
                "device_name": "fhmgcg6j3s6hi55id5q0",
                "disk_id": "fhmgcg6j3s6hi55id5q0",
                "initialize_params": [
                  {
                    "block_size": 4096,
                    "description": "",
                    "image_id": "fd8s2aq8skr5t6vrujfo",
                    "name": "root-node04",
                    "size": 40,
                    "snapshot_id": "",
                    "type": "network-ssd"
                  }
                ],
                "mode": "READ_WRITE"
              }
            ],
            "created_at": "2023-02-27T13:12:25Z",
            "description": "",
            "filesystem": [],
            "folder_id": "b1g2dj02nhisso9oaoqn",
            "fqdn": "node04.netology.yc",
            "hostname": "node04.netology.yc",
            "id": "fhmqq2dvg8bgektsf7qk",
            "labels": null,
            "local_disk": [],
            "metadata": {
              "ssh-keys": "centos:ssh-rsa AAAAB3NzaC1yc2EAAAADAQABAAABgQDBASQWXU0dOS/LmfX9cq/LHcYy6THlwKKHQlIwvHDcOiDSWeepIvWjc+0Lhi3zzJwh+LX5glfDc8EJRLgAf4PmK6M2iH+qPJni26ZIQNnVfUP2brxU0MislMq7d0jiv2nTxPP8KwKxbMyrFobInvr+2Nv6kYobh0QnkgUklhwO1iuW7e+SdB1W608VW4XSfkkBsB6bjPgFP/6eTEX5xvDk6gkzQWszdRzzQg4AzES4poKGkOAQzXVHXps1hGLoMWV3dP+yOOVL113qFs6Gs+J0cHuM3YNcDUgStC+Bll7g8AHvpINIef2w9eQTlE5fn600+duE4nIe7Gkb1wjQ58o5p4nfIvUe5bJzJk5LAeL1LciyRruKJhjUNS0gUHEOe/4VcW/Lhyp/BdBcn5OYdzzJMz4Cb4w49OB6Bx+RdzzF7u9mHfdC/kRbloDf5Ty1hMjeypkQM6qfmh3PX8Vsx8EesRddJJOIxbMDE5hWK/3kXkvqeJA0Bcd5cxAZTYLu4dc= vagrant@srv05031\n"
            },
            "metadata_options": [
              {
                "aws_v1_http_endpoint": 1,
                "aws_v1_http_token": 2,
                "gce_http_endpoint": 1,
                "gce_http_token": 1
              }
            ],
            "name": "node04",
            "network_acceleration_type": "standard",
            "network_interface": [
              {
                "dns_record": [],
                "index": 0,
                "ip_address": "192.168.101.14",
                "ipv4": true,
                "ipv6": false,
                "ipv6_address": "",
                "ipv6_dns_record": [],
                "mac_address": "d0:0d:1a:d0:9b:f8",
                "nat": true,
                "nat_dns_record": [],
                "nat_ip_address": "158.160.62.27",
                "nat_ip_version": "IPV4",
                "security_group_ids": [],
                "subnet_id": "e9bhvnhvcq2f2edfn74m"
              }
            ],
            "placement_policy": [
              {
                "host_affinity_rules": [],
                "placement_group_id": ""
              }
            ],
            "platform_id": "standard-v1",
            "resources": [
              {
                "core_fraction": 100,
                "cores": 4,
                "gpus": 0,
                "memory": 8
              }
            ],
            "scheduling_policy": [
              {
                "preemptible": false
              }
            ],
            "secondary_disk": [],
            "service_account_id": "",
            "status": "running",
            "timeouts": null,
            "zone": "ru-central1-a"
          },
          "sensitive_attributes": [],
          "private": "eyJlMmJmYjczMC1lY2FhLTExZTYtOGY4OC0zNDM2M2JjN2M0YzAiOnsiY3JlYXRlIjozMDAwMDAwMDAwMDAsImRlbGV0ZSI6MzAwMDAwMDAwMDAwLCJ1cGRhdGUiOjMwMDAwMDAwMDAwMH0sInNjaGVtYV92ZXJzaW9uIjoiMSJ9",
          "dependencies": [
            "yandex_vpc_subnet.default"
          ]
        }
      ]
    },
    {
      "mode": "managed",
      "type": "yandex_compute_instance",
      "name": "node05",
      "provider": "provider[\"registry.terraform.io/yandex-cloud/yandex\"]",
      "instances": [
        {
          "schema_version": 1,
          "attributes": {
            "allow_recreate": null,
            "allow_stopping_for_update": true,
            "boot_disk": [
              {
                "auto_delete": true,
                "device_name": "fhm9cg5l9o9ag2kbk0gi",
                "disk_id": "fhm9cg5l9o9ag2kbk0gi",
                "initialize_params": [
                  {
                    "block_size": 4096,
                    "description": "",
                    "image_id": "fd8s2aq8skr5t6vrujfo",
                    "name": "root-node05",
                    "size": 40,
                    "snapshot_id": "",
                    "type": "network-ssd"
                  }
                ],
                "mode": "READ_WRITE"
              }
            ],
            "created_at": "2023-02-27T13:12:42Z",
            "description": "",
            "filesystem": [],
            "folder_id": "b1g2dj02nhisso9oaoqn",
            "fqdn": "node05.netology.yc",
            "hostname": "node05.netology.yc",
            "id": "fhm9428r3ok8c1k6mj3v",
            "labels": null,
            "local_disk": [],
            "metadata": {
              "ssh-keys": "centos:ssh-rsa AAAAB3NzaC1yc2EAAAADAQABAAABgQDBASQWXU0dOS/LmfX9cq/LHcYy6THlwKKHQlIwvHDcOiDSWeepIvWjc+0Lhi3zzJwh+LX5glfDc8EJRLgAf4PmK6M2iH+qPJni26ZIQNnVfUP2brxU0MislMq7d0jiv2nTxPP8KwKxbMyrFobInvr+2Nv6kYobh0QnkgUklhwO1iuW7e+SdB1W608VW4XSfkkBsB6bjPgFP/6eTEX5xvDk6gkzQWszdRzzQg4AzES4poKGkOAQzXVHXps1hGLoMWV3dP+yOOVL113qFs6Gs+J0cHuM3YNcDUgStC+Bll7g8AHvpINIef2w9eQTlE5fn600+duE4nIe7Gkb1wjQ58o5p4nfIvUe5bJzJk5LAeL1LciyRruKJhjUNS0gUHEOe/4VcW/Lhyp/BdBcn5OYdzzJMz4Cb4w49OB6Bx+RdzzF7u9mHfdC/kRbloDf5Ty1hMjeypkQM6qfmh3PX8Vsx8EesRddJJOIxbMDE5hWK/3kXkvqeJA0Bcd5cxAZTYLu4dc= vagrant@srv05031\n"
            },
            "metadata_options": [
              {
                "aws_v1_http_endpoint": 1,
                "aws_v1_http_token": 2,
                "gce_http_endpoint": 1,
                "gce_http_token": 1
              }
            ],
            "name": "node05",
            "network_acceleration_type": "standard",
            "network_interface": [
              {
                "dns_record": [],
                "index": 0,
                "ip_address": "192.168.101.15",
                "ipv4": true,
                "ipv6": false,
                "ipv6_address": "",
                "ipv6_dns_record": [],
                "mac_address": "d0:0d:92:09:1b:1e",
                "nat": true,
                "nat_dns_record": [],
                "nat_ip_address": "158.160.61.145",
                "nat_ip_version": "IPV4",
                "security_group_ids": [],
                "subnet_id": "e9bhvnhvcq2f2edfn74m"
              }
            ],
            "placement_policy": [
              {
                "host_affinity_rules": [],
                "placement_group_id": ""
              }
            ],
            "platform_id": "standard-v1",
            "resources": [
              {
                "core_fraction": 100,
                "cores": 4,
                "gpus": 0,
                "memory": 8
              }
            ],
            "scheduling_policy": [
              {
                "preemptible": false
              }
            ],
            "secondary_disk": [],
            "service_account_id": "",
            "status": "running",
            "timeouts": null,
            "zone": "ru-central1-a"
          },
          "sensitive_attributes": [],
          "private": "eyJlMmJmYjczMC1lY2FhLTExZTYtOGY4OC0zNDM2M2JjN2M0YzAiOnsiY3JlYXRlIjozMDAwMDAwMDAwMDAsImRlbGV0ZSI6MzAwMDAwMDAwMDAwLCJ1cGRhdGUiOjMwMDAwMDAwMDAwMH0sInNjaGVtYV92ZXJzaW9uIjoiMSJ9",
          "dependencies": [
            "yandex_vpc_subnet.default"
          ]
        }
      ]
    },
    {
      "mode": "managed",
      "type": "yandex_compute_instance",
      "name": "node06",
      "provider": "provider[\"registry.terraform.io/yandex-cloud/yandex\"]",
      "instances": [
        {
          "schema_version": 1,
          "attributes": {
            "allow_recreate": null,
            "allow_stopping_for_update": true,
            "boot_disk": [
              {
                "auto_delete": true,
                "device_name": "fhmmqpljjfo2rba0puo2",
                "disk_id": "fhmmqpljjfo2rba0puo2",
                "initialize_params": [
                  {
                    "block_size": 4096,
                    "description": "",
                    "image_id": "fd8s2aq8skr5t6vrujfo",
                    "name": "root-node06",
                    "size": 40,
                    "snapshot_id": "",
                    "type": "network-ssd"
                  }
                ],
                "mode": "READ_WRITE"
              }
            ],
            "created_at": "2023-02-27T13:12:26Z",
            "description": "",
            "filesystem": [],
            "folder_id": "b1g2dj02nhisso9oaoqn",
            "fqdn": "node06.netology.yc",
            "hostname": "node06.netology.yc",
            "id": "fhmf60q5n4tmf5qepk9a",
            "labels": null,
            "local_disk": [],
            "metadata": {
              "ssh-keys": "centos:ssh-rsa AAAAB3NzaC1yc2EAAAADAQABAAABgQDBASQWXU0dOS/LmfX9cq/LHcYy6THlwKKHQlIwvHDcOiDSWeepIvWjc+0Lhi3zzJwh+LX5glfDc8EJRLgAf4PmK6M2iH+qPJni26ZIQNnVfUP2brxU0MislMq7d0jiv2nTxPP8KwKxbMyrFobInvr+2Nv6kYobh0QnkgUklhwO1iuW7e+SdB1W608VW4XSfkkBsB6bjPgFP/6eTEX5xvDk6gkzQWszdRzzQg4AzES4poKGkOAQzXVHXps1hGLoMWV3dP+yOOVL113qFs6Gs+J0cHuM3YNcDUgStC+Bll7g8AHvpINIef2w9eQTlE5fn600+duE4nIe7Gkb1wjQ58o5p4nfIvUe5bJzJk5LAeL1LciyRruKJhjUNS0gUHEOe/4VcW/Lhyp/BdBcn5OYdzzJMz4Cb4w49OB6Bx+RdzzF7u9mHfdC/kRbloDf5Ty1hMjeypkQM6qfmh3PX8Vsx8EesRddJJOIxbMDE5hWK/3kXkvqeJA0Bcd5cxAZTYLu4dc= vagrant@srv05031\n"
            },
            "metadata_options": [
              {
                "aws_v1_http_endpoint": 1,
                "aws_v1_http_token": 2,
                "gce_http_endpoint": 1,
                "gce_http_token": 1
              }
            ],
            "name": "node06",
            "network_acceleration_type": "standard",
            "network_interface": [
              {
                "dns_record": [],
                "index": 0,
                "ip_address": "192.168.101.16",
                "ipv4": true,
                "ipv6": false,
                "ipv6_address": "",
                "ipv6_dns_record": [],
                "mac_address": "d0:0d:f3:03:45:b9",
                "nat": true,
                "nat_dns_record": [],
                "nat_ip_address": "158.160.37.219",
                "nat_ip_version": "IPV4",
                "security_group_ids": [],
                "subnet_id": "e9bhvnhvcq2f2edfn74m"
              }
            ],
            "placement_policy": [
              {
                "host_affinity_rules": [],
                "placement_group_id": ""
              }
            ],
            "platform_id": "standard-v1",
            "resources": [
              {
                "core_fraction": 100,
                "cores": 4,
                "gpus": 0,
                "memory": 8
              }
            ],
            "scheduling_policy": [
              {
                "preemptible": false
              }
            ],
            "secondary_disk": [],
            "service_account_id": "",
            "status": "running",
            "timeouts": null,
            "zone": "ru-central1-a"
          },
          "sensitive_attributes": [],
          "private": "eyJlMmJmYjczMC1lY2FhLTExZTYtOGY4OC0zNDM2M2JjN2M0YzAiOnsiY3JlYXRlIjozMDAwMDAwMDAwMDAsImRlbGV0ZSI6MzAwMDAwMDAwMDAwLCJ1cGRhdGUiOjMwMDAwMDAwMDAwMH0sInNjaGVtYV92ZXJzaW9uIjoiMSJ9",
          "dependencies": [
            "yandex_vpc_subnet.default"
          ]
        }
      ]
    },
    {
      "mode": "managed",
      "type": "yandex_vpc_network",
      "name": "default",
      "provider": "provider[\"registry.terraform.io/yandex-cloud/yandex\"]",
      "instances": [
        {
          "schema_version": 0,
          "attributes": {
            "created_at": "2023-02-27T13:05:26Z",
            "default_security_group_id": "",
            "description": "",
            "folder_id": "b1g2dj02nhisso9oaoqn",
            "id": "enpoa299jt2dmtscveqo",
            "labels": {},
            "name": "net",
            "subnet_ids": [
              "e9bhvnhvcq2f2edfn74m"
            ],
            "timeouts": null
          },
          "sensitive_attributes": [],
          "private": "eyJlMmJmYjczMC1lY2FhLTExZTYtOGY4OC0zNDM2M2JjN2M0YzAiOnsiY3JlYXRlIjo2MDAwMDAwMDAwMCwiZGVsZXRlIjo2MDAwMDAwMDAwMCwidXBkYXRlIjo2MDAwMDAwMDAwMH19"
        }
      ]
    },
    {
      "mode": "managed",
      "type": "yandex_vpc_subnet",
      "name": "default",
      "provider": "provider[\"registry.terraform.io/yandex-cloud/yandex\"]",
      "instances": [
        {
          "schema_version": 0,
          "attributes": {
            "created_at": "2023-02-27T13:05:28Z",
            "description": "",
            "dhcp_options": [],
            "folder_id": "b1g2dj02nhisso9oaoqn",
            "id": "e9bhvnhvcq2f2edfn74m",
            "labels": {},
            "name": "subnet",
            "network_id": "enpoa299jt2dmtscveqo",
            "route_table_id": "",
            "timeouts": null,
            "v4_cidr_blocks": [
              "192.168.101.0/24"
            ],
            "v6_cidr_blocks": [],
            "zone": "ru-central1-a"
          },
          "sensitive_attributes": [],
          "private": "eyJlMmJmYjczMC1lY2FhLTExZTYtOGY4OC0zNDM2M2JjN2M0YzAiOnsiY3JlYXRlIjoxODAwMDAwMDAwMDAsImRlbGV0ZSI6MTgwMDAwMDAwMDAwLCJ1cGRhdGUiOjE4MDAwMDAwMDAwMH19",
          "dependencies": [
            "yandex_vpc_network.default"
          ]
        }
      ]
    }
  ],
  "check_results": null
}
